
Microsoft Visual Studio Solution File, Format Version 12.00
# Visual Studio 14
VisualStudioVersion = 14.0.25420.1
MinimumVisualStudioVersion = 10.0.40219.1
Project("{FAE04EC0-301F-11D3-BF4B-00C04F79EFBC}") = "VI_eLog", "VI_eLog\VI_eLog.csproj", "{8598B649-02B7-4364-9962-2CDD547160AA}"
EndProject
Project("{FAE04EC0-301F-11D3-BF4B-00C04F79EFBC}") = "AlertEmailFor_Review", "AlertEmailFor_Review\AlertEmailFor_Review.csproj", "{5B76EA37-41C3-4799-A059-400CF25AAE02}"
EndProject
Project("{FAE04EC0-301F-11D3-BF4B-00C04F79EFBC}") = "StaticRes", "StaticRes\StaticRes.csproj", "{0AF99380-D78F-45DA-9451-6957BC590183}"
EndProject
Project("{FAE04EC0-301F-11D3-BF4B-00C04F79EFBC}") = "Common", "Common\Common.csproj", "{07AAE6BE-2BAD-49D4-A765-C7B1E6060C17}"
EndProject
Project("{FAE04EC0-301F-11D3-BF4B-00C04F79EFBC}") = "DBHelp", "DB\DBHelp.csproj", "{C6AC93B9-FAA8-4488-B2E7-56F278D67A24}"
EndProject
Global
	GlobalSection(SolutionConfigurationPlatforms) = preSolution
		Debug|Any CPU = Debug|Any CPU
		Debug|x86 = Debug|x86
		Release|Any CPU = Release|Any CPU
		Release|x86 = Release|x86
	EndGlobalSection
	GlobalSection(ProjectConfigurationPlatforms) = postSolution
		{8598B649-02B7-4364-9962-2CDD547160AA}.Debug|Any CPU.ActiveCfg = Debug|x86
		{8598B649-02B7-4364-9962-2CDD547160AA}.Debug|Any CPU.Build.0 = Debug|x86
		{8598B649-02B7-4364-9962-2CDD547160AA}.Debug|x86.ActiveCfg = Debug|x86
		{8598B649-02B7-4364-9962-2CDD547160AA}.Debug|x86.Build.0 = Debug|x86
		{8598B649-02B7-4364-9962-2CDD547160AA}.Release|Any CPU.ActiveCfg = Release|x86
		{8598B649-02B7-4364-9962-2CDD547160AA}.Release|x86.ActiveCfg = Release|x86
		{8598B649-02B7-4364-9962-2CDD547160AA}.Release|x86.Build.0 = Release|x86
		{5B76EA37-41C3-4799-A059-400CF25AAE02}.Debug|Any CPU.ActiveCfg = Debug|Any CPU
		{5B76EA37-41C3-4799-A059-400CF25AAE02}.Debug|Any CPU.Build.0 = Debug|Any CPU
		{5B76EA37-41C3-4799-A059-400CF25AAE02}.Debug|x86.ActiveCfg = Debug|Any CPU
		{5B76EA37-41C3-4799-A059-400CF25AAE02}.Debug|x86.Build.0 = Debug|Any CPU
		{5B76EA37-41C3-4799-A059-400CF25AAE02}.Release|Any CPU.ActiveCfg = Release|Any CPU
		{5B76EA37-41C3-4799-A059-400CF25AAE02}.Release|Any CPU.Build.0 = Release|Any CPU
		{5B76EA37-41C3-4799-A059-400CF25AAE02}.Release|x86.ActiveCfg = Release|Any CPU
		{5B76EA37-41C3-4799-A059-400CF25AAE02}.Release|x86.Build.0 = Release|Any CPU
		{0AF99380-D78F-45DA-9451-6957BC590183}.Debug|Any CPU.ActiveCfg = Debug|Any CPU
		{0AF99380-D78F-45DA-9451-6957BC590183}.Debug|Any CPU.Build.0 = Debug|Any CPU
		{0AF99380-D78F-45DA-9451-6957BC590183}.Debug|x86.ActiveCfg = Debug|Any CPU
		{0AF99380-D78F-45DA-9451-6957BC590183}.Debug|x86.Build.0 = Debug|Any CPU
		{0AF99380-D78F-45DA-9451-6957BC590183}.Release|Any CPU.ActiveCfg = Release|Any CPU
		{0AF99380-D78F-45DA-9451-6957BC590183}.Release|Any CPU.Build.0 = Release|Any CPU
		{0AF99380-D78F-45DA-9451-6957BC590183}.Release|x86.ActiveCfg = Release|Any CPU
		{0AF99380-D78F-45DA-9451-6957BC590183}.Release|x86.Build.0 = Release|Any CPU
		{07AAE6BE-2BAD-49D4-A765-C7B1E6060C17}.Debug|Any CPU.ActiveCfg = Debug|Any CPU
		{07AAE6BE-2BAD-49D4-A765-C7B1E6060C17}.Debug|Any CPU.Build.0 = Debug|Any CPU
		{07AAE6BE-2BAD-49D4-A765-C7B1E6060C17}.Debug|x86.ActiveCfg = Debug|Any CPU
		{07AAE6BE-2BAD-49D4-A765-C7B1E6060C17}.Debug|x86.Build.0 = Debug|Any CPU
		{07AAE6BE-2BAD-49D4-A765-C7B1E6060C17}.Release|Any CPU.ActiveCfg = Release|Any CPU
		{07AAE6BE-2BAD-49D4-A765-C7B1E6060C17}.Release|Any CPU.Build.0 = Release|Any CPU
		{07AAE6BE-2BAD-49D4-A765-C7B1E6060C17}.Release|x86.ActiveCfg = Release|Any CPU
		{07AAE6BE-2BAD-49D4-A765-C7B1E6060C17}.Release|x86.Build.0 = Release|Any CPU
		{C6AC93B9-FAA8-4488-B2E7-56F278D67A24}.Debug|Any CPU.ActiveCfg = Debug|Any CPU
		{C6AC93B9-FAA8-4488-B2E7-56F278D67A24}.Debug|Any CPU.Build.0 = Debug|Any CPU
		{C6AC93B9-FAA8-4488-B2E7-56F278D67A24}.Debug|x86.ActiveCfg = Debug|Any CPU
		{C6AC93B9-FAA8-4488-B2E7-56F278D67A24}.Debug|x86.Build.0 = Debug|Any CPU
		{C6AC93B9-FAA8-4488-B2E7-56F278D67A24}.Release|Any CPU.ActiveCfg = Release|Any CPU
		{C6AC93B9-FAA8-4488-B2E7-56F278D67A24}.Release|Any CPU.Build.0 = Release|Any CPU
		{C6AC93B9-FAA8-4488-B2E7-56F278D67A24}.Release|x86.ActiveCfg = Release|Any CPU
		{C6AC93B9-FAA8-4488-B2E7-56F278D67A24}.Release|x86.Build.0 = Release|Any CPU
	EndGlobalSection
	GlobalSection(SolutionProperties) = preSolution
		HideSolutionNode = FALSE
	EndGlobalSection
EndGlobal
